
Microsoft Visual Studio Solution File, Format Version 12.00
# Visual Studio Version 17
VisualStudioVersion = 17.1.32210.238
MinimumVisualStudioVersion = 10.0.40219.1
Project("{FAE04EC0-301F-11D3-BF4B-00C04F79EFBC}") = "ASP NET MVC", "ASP NET MVC.csproj", "{4A618947-DE8F-4A8B-8E2E-332D8F467273}"
EndProject
Global
	GlobalSection(SolutionConfigurationPlatforms) = preSolution
		Debug|Any CPU = Debug|Any CPU
		Release|Any CPU = Release|Any CPU
	EndGlobalSection
	GlobalSection(ProjectConfigurationPlatforms) = postSolution
		{4A618947-DE8F-4A8B-8E2E-332D8F467273}.Debug|Any CPU.ActiveCfg = Debug|Any CPU
		{4A618947-DE8F-4A8B-8E2E-332D8F467273}.Debug|Any CPU.Build.0 = Debug|Any CPU
		{4A618947-DE8F-4A8B-8E2E-332D8F467273}.Release|Any CPU.ActiveCfg = Release|Any CPU
		{4A618947-DE8F-4A8B-8E2E-332D8F467273}.Release|Any CPU.Build.0 = Release|Any CPU
	EndGlobalSection
	GlobalSection(SolutionProperties) = preSolution
		HideSolutionNode = FALSE
	EndGlobalSection
	GlobalSection(ExtensibilityGlobals) = postSolution
		SolutionGuid = {945CBD7D-AC1F-4922-8B3D-01EA9DB65D68}
	EndGlobalSection
EndGlobal
